
Microsoft Visual Studio Solution File, Format Version 12.00
# Visual Studio Version 16
VisualStudioVersion = 16.0.30104.148
MinimumVisualStudioVersion = 10.0.40219.1
Project("{FAE04EC0-301F-11D3-BF4B-00C04F79EFBC}") = "nostalebot", "nostalebot\nostalebot.csproj", "{4E0B7EEE-D883-4D11-A9D6-F59067E12554}"
EndProject
Global
	GlobalSection(SolutionConfigurationPlatforms) = preSolution
		Debug|Any CPU = Debug|Any CPU
		Release|Any CPU = Release|Any CPU
	EndGlobalSection
	GlobalSection(ProjectConfigurationPlatforms) = postSolution
		{4E0B7EEE-D883-4D11-A9D6-F59067E12554}.Debug|Any CPU.ActiveCfg = Debug|Any CPU
		{4E0B7EEE-D883-4D11-A9D6-F59067E12554}.Debug|Any CPU.Build.0 = Debug|Any CPU
		{4E0B7EEE-D883-4D11-A9D6-F59067E12554}.Release|Any CPU.ActiveCfg = Release|Any CPU
		{4E0B7EEE-D883-4D11-A9D6-F59067E12554}.Release|Any CPU.Build.0 = Release|Any CPU
	EndGlobalSection
	GlobalSection(SolutionProperties) = preSolution
		HideSolutionNode = FALSE
	EndGlobalSection
	GlobalSection(ExtensibilityGlobals) = postSolution
		SolutionGuid = {05070019-BBBF-4A16-BF40-0D09BCC8822B}
	EndGlobalSection
EndGlobal
